
Microsoft Visual Studio Solution File, Format Version 12.00
# Visual Studio Version 17
VisualStudioVersion = 17.13.35825.156
MinimumVisualStudioVersion = 10.0.40219.1
Project("{FAE04EC0-301F-11D3-BF4B-00C04F79EFBC}") = "01_MainSubjects", "01_MainSubjects\01_MainSubjects.csproj", "{0E50EEDA-505E-455D-A83D-652C3328F05C}"
EndProject
Project("{FAE04EC0-301F-11D3-BF4B-00C04F79EFBC}") = "02_Variables", "02_Variables\02_Variables.csproj", "{9827F57F-0147-4584-B534-C6509B86FDCF}"
EndProject
Project("{FAE04EC0-301F-11D3-BF4B-00C04F79EFBC}") = "03_MakingDecision", "03_MakingDecision\03_MakingDecision.csproj", "{7BE1F1E3-DFAA-4E40-ACE5-191CD4339AC6}"
EndProject
Project("{FAE04EC0-301F-11D3-BF4B-00C04F79EFBC}") = "04_Loops", "04_Loops\04_Loops.csproj", "{2C594862-5139-4829-8999-960C7A0FC5F2}"
EndProject
Project("{FAE04EC0-301F-11D3-BF4B-00C04F79EFBC}") = "05_LoopsWithStarts", "05_LoopsWithStarts\05_LoopsWithStarts.csproj", "{3CF1E756-8EFD-4DED-9E49-0CA9C902C9B1}"
EndProject
Project("{FAE04EC0-301F-11D3-BF4B-00C04F79EFBC}") = "06_Arrays", "06_Arrays\06_Arrays.csproj", "{EB64C95A-505E-417C-9B06-81429DB12FEF}"
EndProject
Project("{FAE04EC0-301F-11D3-BF4B-00C04F79EFBC}") = "07_ForeachLoop", "07_ForeachLoop\07_ForeachLoop.csproj", "{66652A9E-F30F-4280-8B1E-60EDB070938A}"
EndProject
Project("{FAE04EC0-301F-11D3-BF4B-00C04F79EFBC}") = "08_Methods", "08_Methods\08_Methods.csproj", "{A2435BA9-0DF4-49A2-8F91-44C1647D5018}"
EndProject
Global
	GlobalSection(SolutionConfigurationPlatforms) = preSolution
		Debug|Any CPU = Debug|Any CPU
		Release|Any CPU = Release|Any CPU
	EndGlobalSection
	GlobalSection(ProjectConfigurationPlatforms) = postSolution
		{0E50EEDA-505E-455D-A83D-652C3328F05C}.Debug|Any CPU.ActiveCfg = Debug|Any CPU
		{0E50EEDA-505E-455D-A83D-652C3328F05C}.Debug|Any CPU.Build.0 = Debug|Any CPU
		{0E50EEDA-505E-455D-A83D-652C3328F05C}.Release|Any CPU.ActiveCfg = Release|Any CPU
		{0E50EEDA-505E-455D-A83D-652C3328F05C}.Release|Any CPU.Build.0 = Release|Any CPU
		{9827F57F-0147-4584-B534-C6509B86FDCF}.Debug|Any CPU.ActiveCfg = Debug|Any CPU
		{9827F57F-0147-4584-B534-C6509B86FDCF}.Debug|Any CPU.Build.0 = Debug|Any CPU
		{9827F57F-0147-4584-B534-C6509B86FDCF}.Release|Any CPU.ActiveCfg = Release|Any CPU
		{9827F57F-0147-4584-B534-C6509B86FDCF}.Release|Any CPU.Build.0 = Release|Any CPU
		{7BE1F1E3-DFAA-4E40-ACE5-191CD4339AC6}.Debug|Any CPU.ActiveCfg = Debug|Any CPU
		{7BE1F1E3-DFAA-4E40-ACE5-191CD4339AC6}.Debug|Any CPU.Build.0 = Debug|Any CPU
		{7BE1F1E3-DFAA-4E40-ACE5-191CD4339AC6}.Release|Any CPU.ActiveCfg = Release|Any CPU
		{7BE1F1E3-DFAA-4E40-ACE5-191CD4339AC6}.Release|Any CPU.Build.0 = Release|Any CPU
		{2C594862-5139-4829-8999-960C7A0FC5F2}.Debug|Any CPU.ActiveCfg = Debug|Any CPU
		{2C594862-5139-4829-8999-960C7A0FC5F2}.Debug|Any CPU.Build.0 = Debug|Any CPU
		{2C594862-5139-4829-8999-960C7A0FC5F2}.Release|Any CPU.ActiveCfg = Release|Any CPU
		{2C594862-5139-4829-8999-960C7A0FC5F2}.Release|Any CPU.Build.0 = Release|Any CPU
		{3CF1E756-8EFD-4DED-9E49-0CA9C902C9B1}.Debug|Any CPU.ActiveCfg = Debug|Any CPU
		{3CF1E756-8EFD-4DED-9E49-0CA9C902C9B1}.Debug|Any CPU.Build.0 = Debug|Any CPU
		{3CF1E756-8EFD-4DED-9E49-0CA9C902C9B1}.Release|Any CPU.ActiveCfg = Release|Any CPU
		{3CF1E756-8EFD-4DED-9E49-0CA9C902C9B1}.Release|Any CPU.Build.0 = Release|Any CPU
		{EB64C95A-505E-417C-9B06-81429DB12FEF}.Debug|Any CPU.ActiveCfg = Debug|Any CPU
		{EB64C95A-505E-417C-9B06-81429DB12FEF}.Debug|Any CPU.Build.0 = Debug|Any CPU
		{EB64C95A-505E-417C-9B06-81429DB12FEF}.Release|Any CPU.ActiveCfg = Release|Any CPU
		{EB64C95A-505E-417C-9B06-81429DB12FEF}.Release|Any CPU.Build.0 = Release|Any CPU
		{66652A9E-F30F-4280-8B1E-60EDB070938A}.Debug|Any CPU.ActiveCfg = Debug|Any CPU
		{66652A9E-F30F-4280-8B1E-60EDB070938A}.Debug|Any CPU.Build.0 = Debug|Any CPU
		{66652A9E-F30F-4280-8B1E-60EDB070938A}.Release|Any CPU.ActiveCfg = Release|Any CPU
		{66652A9E-F30F-4280-8B1E-60EDB070938A}.Release|Any CPU.Build.0 = Release|Any CPU
		{A2435BA9-0DF4-49A2-8F91-44C1647D5018}.Debug|Any CPU.ActiveCfg = Debug|Any CPU
		{A2435BA9-0DF4-49A2-8F91-44C1647D5018}.Debug|Any CPU.Build.0 = Debug|Any CPU
		{A2435BA9-0DF4-49A2-8F91-44C1647D5018}.Release|Any CPU.ActiveCfg = Release|Any CPU
		{A2435BA9-0DF4-49A2-8F91-44C1647D5018}.Release|Any CPU.Build.0 = Release|Any CPU
	EndGlobalSection
	GlobalSection(SolutionProperties) = preSolution
		HideSolutionNode = FALSE
	EndGlobalSection
	GlobalSection(ExtensibilityGlobals) = postSolution
		SolutionGuid = {627DACE9-58FA-4EA7-B517-5F1FEE390970}
	EndGlobalSection
EndGlobal
